
Microsoft Visual Studio Solution File, Format Version 12.00
# Visual Studio Version 16
VisualStudioVersion = 16.0.32002.261
MinimumVisualStudioVersion = 10.0.40219.1
Project("{FAE04EC0-301F-11D3-BF4B-00C04F79EFBC}") = "Web", "Web\Web.csproj", "{3DF98F33-22F3-4D34-8842-5E4DCBB9AD01}"
EndProject
Project("{FAE04EC0-301F-11D3-BF4B-00C04F79EFBC}") = "Core", "Core\Core.csproj", "{3115662E-95AE-4936-9F74-B3CB69ADA91D}"
EndProject
Project("{FAE04EC0-301F-11D3-BF4B-00C04F79EFBC}") = "Infrastructer", "Infrastructer\Infrastructer.csproj", "{AD0DEF53-71D5-4181-8204-E4ECA4734B8B}"
EndProject
Global
	GlobalSection(SolutionConfigurationPlatforms) = preSolution
		Debug|Any CPU = Debug|Any CPU
		Release|Any CPU = Release|Any CPU
	EndGlobalSection
	GlobalSection(ProjectConfigurationPlatforms) = postSolution
		{3DF98F33-22F3-4D34-8842-5E4DCBB9AD01}.Debug|Any CPU.ActiveCfg = Debug|Any CPU
		{3DF98F33-22F3-4D34-8842-5E4DCBB9AD01}.Debug|Any CPU.Build.0 = Debug|Any CPU
		{3DF98F33-22F3-4D34-8842-5E4DCBB9AD01}.Release|Any CPU.ActiveCfg = Release|Any CPU
		{3DF98F33-22F3-4D34-8842-5E4DCBB9AD01}.Release|Any CPU.Build.0 = Release|Any CPU
		{3115662E-95AE-4936-9F74-B3CB69ADA91D}.Debug|Any CPU.ActiveCfg = Debug|Any CPU
		{3115662E-95AE-4936-9F74-B3CB69ADA91D}.Debug|Any CPU.Build.0 = Debug|Any CPU
		{3115662E-95AE-4936-9F74-B3CB69ADA91D}.Release|Any CPU.ActiveCfg = Release|Any CPU
		{3115662E-95AE-4936-9F74-B3CB69ADA91D}.Release|Any CPU.Build.0 = Release|Any CPU
		{AD0DEF53-71D5-4181-8204-E4ECA4734B8B}.Debug|Any CPU.ActiveCfg = Debug|Any CPU
		{AD0DEF53-71D5-4181-8204-E4ECA4734B8B}.Debug|Any CPU.Build.0 = Debug|Any CPU
		{AD0DEF53-71D5-4181-8204-E4ECA4734B8B}.Release|Any CPU.ActiveCfg = Release|Any CPU
		{AD0DEF53-71D5-4181-8204-E4ECA4734B8B}.Release|Any CPU.Build.0 = Release|Any CPU
	EndGlobalSection
	GlobalSection(SolutionProperties) = preSolution
		HideSolutionNode = FALSE
	EndGlobalSection
	GlobalSection(ExtensibilityGlobals) = postSolution
		SolutionGuid = {04CDECD8-076D-4133-9845-F58E027CFC35}
	EndGlobalSection
EndGlobal
